
Microsoft Visual Studio Solution File, Format Version 12.00
# Visual Studio Version 16
VisualStudioVersion = 16.0.30128.74
MinimumVisualStudioVersion = 10.0.40219.1
Project("{FAE04EC0-301F-11D3-BF4B-00C04F79EFBC}") = "CharacterCreator.Winforms", "CharacterCreator.Winforms.csproj", "{1FE497DF-5446-40D2-9866-FC619D58DFAE}"
EndProject
Project("{FAE04EC0-301F-11D3-BF4B-00C04F79EFBC}") = "CharacterCreator", "..\CharacterCreator\CharacterCreator.csproj", "{AC4725AB-A7E0-4FE4-B1B7-2A3288BF4F0A}"
EndProject
Global
	GlobalSection(SolutionConfigurationPlatforms) = preSolution
		Debug|Any CPU = Debug|Any CPU
		Release|Any CPU = Release|Any CPU
	EndGlobalSection
	GlobalSection(ProjectConfigurationPlatforms) = postSolution
		{1FE497DF-5446-40D2-9866-FC619D58DFAE}.Debug|Any CPU.ActiveCfg = Debug|Any CPU
		{1FE497DF-5446-40D2-9866-FC619D58DFAE}.Debug|Any CPU.Build.0 = Debug|Any CPU
		{1FE497DF-5446-40D2-9866-FC619D58DFAE}.Release|Any CPU.ActiveCfg = Release|Any CPU
		{1FE497DF-5446-40D2-9866-FC619D58DFAE}.Release|Any CPU.Build.0 = Release|Any CPU
		{AC4725AB-A7E0-4FE4-B1B7-2A3288BF4F0A}.Debug|Any CPU.ActiveCfg = Debug|Any CPU
		{AC4725AB-A7E0-4FE4-B1B7-2A3288BF4F0A}.Debug|Any CPU.Build.0 = Debug|Any CPU
		{AC4725AB-A7E0-4FE4-B1B7-2A3288BF4F0A}.Release|Any CPU.ActiveCfg = Release|Any CPU
		{AC4725AB-A7E0-4FE4-B1B7-2A3288BF4F0A}.Release|Any CPU.Build.0 = Release|Any CPU
	EndGlobalSection
	GlobalSection(SolutionProperties) = preSolution
		HideSolutionNode = FALSE
	EndGlobalSection
	GlobalSection(ExtensibilityGlobals) = postSolution
		SolutionGuid = {B77400B8-8F81-4EA0-9FEF-74359A0A78C4}
	EndGlobalSection
EndGlobal
